{
  "version": "v1",
  "packages": {
    "@flash-ship/ecom-lib": {
      "signature": "069a9382dbe27edd4b77b498ddd305bc",
      "pure": true
    },
    "@flash-ship/ecom-types": {
      "signature": "dfe8ae3af593901a4ee016bbb2af17a1",
      "pure": true
    },
    "@flash-ship/ecom-trpc": {
      "signature": "92fa864b9a7e3cd4317d84f459d8f905",
      "pure": true
    },
    "@flash-ship/ecom-i18n": {
      "signature": "5a67c527742d646d46c2055de79d8777",
      "pure": true
    },
    "@flash-ship/ecom-ui": {
      "signature": "620acbd37ec9c62b3221daf0e2e2ee15",
      "pure": true
    },
    "@flash-ship/ecom-config": {
      "signature": "368963e990f9b1c5d008e8e421a205c2",
      "pure": true
    },
    "@flash-ship/ecom-emails": {
      "signature": "b2253648d09c0c7584c3152f1306bbba",
      "pure": true
    },
    "@flash-ship/ecom-tsconfig": {
      "signature": "fba93aece69f932814149e2dae942087",
      "pure": true
    }
  }
}